
Microsoft Visual Studio Solution File, Format Version 12.00
# Visual Studio Version 16
VisualStudioVersion = 16.0.30114.105
MinimumVisualStudioVersion = 10.0.40219.1
Project("{FAE04EC0-301F-11D3-BF4B-00C04F79EFBC}") = "jenuine-api", "jenuine-api\jenuine-api.csproj", "{1B93CE25-8FEF-4462-9BF0-85B30A552C27}"
EndProject
Project("{FAE04EC0-301F-11D3-BF4B-00C04F79EFBC}") = "jenuine-core", "jenuine-core\jenuine-core.csproj", "{DE78C499-BDD3-45C8-9B08-AC1A32DE4422}"
EndProject
Global
	GlobalSection(SolutionConfigurationPlatforms) = preSolution
		Debug|Any CPU = Debug|Any CPU
		Release|Any CPU = Release|Any CPU
	EndGlobalSection
	GlobalSection(SolutionProperties) = preSolution
		HideSolutionNode = FALSE
	EndGlobalSection
	GlobalSection(ProjectConfigurationPlatforms) = postSolution
		{1B93CE25-8FEF-4462-9BF0-85B30A552C27}.Debug|Any CPU.ActiveCfg = Debug|Any CPU
		{1B93CE25-8FEF-4462-9BF0-85B30A552C27}.Debug|Any CPU.Build.0 = Debug|Any CPU
		{1B93CE25-8FEF-4462-9BF0-85B30A552C27}.Release|Any CPU.ActiveCfg = Release|Any CPU
		{1B93CE25-8FEF-4462-9BF0-85B30A552C27}.Release|Any CPU.Build.0 = Release|Any CPU
		{DE78C499-BDD3-45C8-9B08-AC1A32DE4422}.Debug|Any CPU.ActiveCfg = Debug|Any CPU
		{DE78C499-BDD3-45C8-9B08-AC1A32DE4422}.Debug|Any CPU.Build.0 = Debug|Any CPU
		{DE78C499-BDD3-45C8-9B08-AC1A32DE4422}.Release|Any CPU.ActiveCfg = Release|Any CPU
		{DE78C499-BDD3-45C8-9B08-AC1A32DE4422}.Release|Any CPU.Build.0 = Release|Any CPU
	EndGlobalSection
EndGlobal
